// !$*UTF8*$!
{
	archiveVersion = 1;
	classes = {
	};
	objectVersion = 50;
	objects = {

/* Begin PBXBuildFile section */
		2D226EB1219200DA003DF852 /* AppDelegate.swift in Sources */ = {isa = PBXBuildFile; fileRef = 2D226EB0219200DA003DF852 /* AppDelegate.swift */; };
		2D226EB3219200DA003DF852 /* ViewController.swift in Sources */ = {isa = PBXBuildFile; fileRef = 2D226EB2219200DA003DF852 /* ViewController.swift */; };
		2D226EB6219200DA003DF852 /* Main.storyboard in Resources */ = {isa = PBXBuildFile; fileRef = 2D226EB4219200DA003DF852 /* Main.storyboard */; };
		2D226EB8219200DC003DF852 /* Assets.xcassets in Resources */ = {isa = PBXBuildFile; fileRef = 2D226EB7219200DC003DF852 /* Assets.xcassets */; };
		2D226EBB219200DC003DF852 /* LaunchScreen.storyboard in Resources */ = {isa = PBXBuildFile; fileRef = 2D226EB9219200DC003DF852 /* LaunchScreen.storyboard */; };
		2D226EE521946EA4003DF852 /* Question.swift in Sources */ = {isa = PBXBuildFile; fileRef = 2D226EE421946EA4003DF852 /* Question.swift */; };
		2D226EE821946ECB003DF852 /* QuestionBank.swift in Sources */ = {isa = PBXBuildFile; fileRef = 2D226EE721946ECB003DF852 /* QuestionBank.swift */; };
		2D78DAE5219F478B009D352D /* PGVIM.ttf in Resources */ = {isa = PBXBuildFile; fileRef = 2D78DAE3219F478B009D352D /* PGVIM.ttf */; };
		2D78DB35219F672D009D352D /* note2.mp3 in Resources */ = {isa = PBXBuildFile; fileRef = 2D78DB32219F672D009D352D /* note2.mp3 */; };
		2D78DB36219F672D009D352D /* note1.mp3 in Resources */ = {isa = PBXBuildFile; fileRef = 2D78DB33219F672D009D352D /* note1.mp3 */; };
		2D78DB4D21A01EA7009D352D /* page3.swift in Sources */ = {isa = PBXBuildFile; fileRef = 2D78DB4C21A01EA7009D352D /* page3.swift */; };
		2DA83375219A0C1C00BC7162 /* ProgressHUD.m in Sources */ = {isa = PBXBuildFile; fileRef = 2DA83372219A0C1C00BC7162 /* ProgressHUD.m */; };
		2DA83376219A0C1C00BC7162 /* ProgressHUD.bundle in Resources */ = {isa = PBXBuildFile; fileRef = 2DA83373219A0C1C00BC7162 /* ProgressHUD.bundle */; };
/* End PBXBuildFile section */

/* Begin PBXFileReference section */
		2D226EAD219200DA003DF852 /* miniproject_13600197.app */ = {isa = PBXFileReference; explicitFileType = wrapper.application; includeInIndex = 0; path = miniproject_13600197.app; sourceTree = BUILT_PRODUCTS_DIR; };
		2D226EB0219200DA003DF852 /* AppDelegate.swift */ = {isa = PBXFileReference; lastKnownFileType = sourcecode.swift; path = AppDelegate.swift; sourceTree = "<group>"; };
		2D226EB2219200DA003DF852 /* ViewController.swift */ = {isa = PBXFileReference; lastKnownFileType = sourcecode.swift; path = ViewController.swift; sourceTree = "<group>"; };
		2D226EB5219200DA003DF852 /* Base */ = {isa = PBXFileReference; lastKnownFileType = file.storyboard; name = Base; path = Base.lproj/Main.storyboard; sourceTree = "<group>"; };
		2D226EB7219200DC003DF852 /* Assets.xcassets */ = {isa = PBXFileReference; lastKnownFileType = folder.assetcatalog; path = Assets.xcassets; sourceTree = "<group>"; };
		2D226EBA219200DC003DF852 /* Base */ = {isa = PBXFileReference; lastKnownFileType = file.storyboard; name = Base; path = Base.lproj/LaunchScreen.storyboard; sourceTree = "<group>"; };
		2D226EBC219200DC003DF852 /* Info.plist */ = {isa = PBXFileReference; lastKnownFileType = text.plist.xml; path = Info.plist; sourceTree = "<group>"; };
		2D226EE421946EA4003DF852 /* Question.swift */ = {isa = PBXFileReference; lastKnownFileType = sourcecode.swift; path = Question.swift; sourceTree = "<group>"; };
		2D226EE721946ECB003DF852 /* QuestionBank.swift */ = {isa = PBXFileReference; lastKnownFileType = sourcecode.swift; path = QuestionBank.swift; sourceTree = "<group>"; };
		2D78DAE3219F478B009D352D /* PGVIM.ttf */ = {isa = PBXFileReference; lastKnownFileType = file; path = PGVIM.ttf; sourceTree = "<group>"; };
		2D78DB32219F672D009D352D /* note2.mp3 */ = {isa = PBXFileReference; lastKnownFileType = audio.mp3; path = note2.mp3; sourceTree = "<group>"; };
		2D78DB33219F672D009D352D /* note1.mp3 */ = {isa = PBXFileReference; lastKnownFileType = audio.mp3; path = note1.mp3; sourceTree = "<group>"; };
		2D78DB4C21A01EA7009D352D /* page3.swift */ = {isa = PBXFileReference; lastKnownFileType = sourcecode.swift; path = page3.swift; sourceTree = "<group>"; };
		2DA83371219A0C1B00BC7162 /* miniproject_13600197-Bridging-Header.h */ = {isa = PBXFileReference; lastKnownFileType = sourcecode.c.h; path = "miniproject_13600197-Bridging-Header.h"; sourceTree = "<group>"; };
		2DA83372219A0C1C00BC7162 /* ProgressHUD.m */ = {isa = PBXFileReference; fileEncoding = 4; lastKnownFileType = sourcecode.c.objc; path = ProgressHUD.m; sourceTree = "<group>"; };
		2DA83373219A0C1C00BC7162 /* ProgressHUD.bundle */ = {isa = PBXFileReference; lastKnownFileType = "wrapper.plug-in"; path = ProgressHUD.bundle; sourceTree = "<group>"; };
		2DA83374219A0C1C00BC7162 /* ProgressHUD.h */ = {isa = PBXFileReference; fileEncoding = 4; lastKnownFileType = sourcecode.c.h; path = ProgressHUD.h; sourceTree = "<group>"; };
/* End PBXFileReference section */

/* Begin PBXFrameworksBuildPhase section */
		2D226EAA219200DA003DF852 /* Frameworks */ = {
			isa = PBXFrameworksBuildPhase;
			buildActionMask = 2147483647;
			files = (
			);
			runOnlyForDeploymentPostprocessing = 0;
		};
/* End PBXFrameworksBuildPhase section */

/* Begin PBXGroup section */
		2D226EA4219200DA003DF852 = {
			isa = PBXGroup;
			children = (
				2D226EAF219200DA003DF852 /* miniproject_13600197 */,
				2D226EAE219200DA003DF852 /* Products */,
			);
			sourceTree = "<group>";
		};
		2D226EAE219200DA003DF852 /* Products */ = {
			isa = PBXGroup;
			children = (
				2D226EAD219200DA003DF852 /* miniproject_13600197.app */,
			);
			name = Products;
			sourceTree = "<group>";
		};
		2D226EAF219200DA003DF852 /* miniproject_13600197 */ = {
			isa = PBXGroup;
			children = (
				2D226EE621946EAD003DF852 /* Modal */,
				2D226EB0219200DA003DF852 /* AppDelegate.swift */,
				2D226EB2219200DA003DF852 /* ViewController.swift */,
				2D226EB4219200DA003DF852 /* Main.storyboard */,
				2D78DB4C21A01EA7009D352D /* page3.swift */,
				2DA83373219A0C1C00BC7162 /* ProgressHUD.bundle */,
				2DA83374219A0C1C00BC7162 /* ProgressHUD.h */,
				2DA83372219A0C1C00BC7162 /* ProgressHUD.m */,
				2DA83371219A0C1B00BC7162 /* miniproject_13600197-Bridging-Header.h */,
				2D226EB7219200DC003DF852 /* Assets.xcassets */,
				2D226EB9219200DC003DF852 /* LaunchScreen.storyboard */,
				2D226EBC219200DC003DF852 /* Info.plist */,
				2D78DB30219F672D009D352D /* sound */,
				2D78DAE1219F4719009D352D /* font */,
			);
			path = miniproject_13600197;
			sourceTree = "<group>";
		};
		2D226EE621946EAD003DF852 /* Modal */ = {
			isa = PBXGroup;
			children = (
				2D226EE421946EA4003DF852 /* Question.swift */,
				2D226EE721946ECB003DF852 /* QuestionBank.swift */,
			);
			path = Modal;
			sourceTree = "<group>";
		};
		2D78DAE1219F4719009D352D /* font */ = {
			isa = PBXGroup;
			children = (
				2D78DAE3219F478B009D352D /* PGVIM.ttf */,
			);
			path = font;
			sourceTree = "<group>";
		};
		2D78DB30219F672D009D352D /* sound */ = {
			isa = PBXGroup;
			children = (
				2D78DB32219F672D009D352D /* note2.mp3 */,
				2D78DB33219F672D009D352D /* note1.mp3 */,
			);
			name = sound;
			path = miniproject_13600197/sound;
			sourceTree = SOURCE_ROOT;
		};
/* End PBXGroup section */

/* Begin PBXNativeTarget section */
		2D226EAC219200DA003DF852 /* miniproject_13600197 */ = {
			isa = PBXNativeTarget;
			buildConfigurationList = 2D226EBF219200DC003DF852 /* Build configuration list for PBXNativeTarget "miniproject_13600197" */;
			buildPhases = (
				2D226EA9219200DA003DF852 /* Sources */,
				2D226EAA219200DA003DF852 /* Frameworks */,
				2D226EAB219200DA003DF852 /* Resources */,
			);
			buildRules = (
			);
			dependencies = (
			);
			name = miniproject_13600197;
			productName = miniproject_13600197;
			productReference = 2D226EAD219200DA003DF852 /* miniproject_13600197.app */;
			productType = "com.apple.product-type.application";
		};
/* End PBXNativeTarget section */

/* Begin PBXProject section */
		2D226EA5219200DA003DF852 /* Project object */ = {
			isa = PBXProject;
			attributes = {
				LastSwiftUpdateCheck = 1010;
				LastUpgradeCheck = 1010;
				ORGANIZATIONNAME = ICTSUIM;
				TargetAttributes = {
					2D226EAC219200DA003DF852 = {
						CreatedOnToolsVersion = 10.1;
						LastSwiftMigration = 1010;
					};
				};
			};
			buildConfigurationList = 2D226EA8219200DA003DF852 /* Build configuration list for PBXProject "miniproject_13600197" */;
			compatibilityVersion = "Xcode 9.3";
			developmentRegion = en;
			hasScannedForEncodings = 0;
			knownRegions = (
				en,
				Base,
			);
			mainGroup = 2D226EA4219200DA003DF852;
			productRefGroup = 2D226EAE219200DA003DF852 /* Products */;
			projectDirPath = "";
			projectRoot = "";
			targets = (
				2D226EAC219200DA003DF852 /* miniproject_13600197 */,
			);
		};
/* End PBXProject section */

/* Begin PBXResourcesBuildPhase section */
		2D226EAB219200DA003DF852 /* Resources */ = {
			isa = PBXResourcesBuildPhase;
			buildActionMask = 2147483647;
			files = (
				2D78DB36219F672D009D352D /* note1.mp3 in Resources */,
				2D78DAE5219F478B009D352D /* PGVIM.ttf in Resources */,
				2D226EBB219200DC003DF852 /* LaunchScreen.storyboard in Resources */,
				2DA83376219A0C1C00BC7162 /* ProgressHUD.bundle in Resources */,
				2D226EB8219200DC003DF852 /* Assets.xcassets in Resources */,
				2D226EB6219200DA003DF852 /* Main.storyboard in Resources */,
				2D78DB35219F672D009D352D /* note2.mp3 in Resources */,
			);
			runOnlyForDeploymentPostprocessing = 0;
		};
/* End PBXResourcesBuildPhase section */

/* Begin PBXSourcesBuildPhase section */
		2D226EA9219200DA003DF852 /* Sources */ = {
			isa = PBXSourcesBuildPhase;
			buildActionMask = 2147483647;
			files = (
				2D226EE521946EA4003DF852 /* Question.swift in Sources */,
				2D226EE821946ECB003DF852 /* QuestionBank.swift in Sources */,
				2D78DB4D21A01EA7009D352D /* page3.swift in Sources */,
				2D226EB3219200DA003DF852 /* ViewController.swift in Sources */,
				2DA83375219A0C1C00BC7162 /* ProgressHUD.m in Sources */,
				2D226EB1219200DA003DF852 /* AppDelegate.swift in Sources */,
			);
			runOnlyForDeploymentPostprocessing = 0;
		};
/* End PBXSourcesBuildPhase section */

/* Begin PBXVariantGroup section */
		2D226EB4219200DA003DF852 /* Main.storyboard */ = {
			isa = PBXVariantGroup;
			children = (
				2D226EB5219200DA003DF852 /* Base */,
			);
			name = Main.storyboard;
			sourceTree = "<group>";
		};
		2D226EB9219200DC003DF852 /* LaunchScreen.storyboard */ = {
			isa = PBXVariantGroup;
			children = (
				2D226EBA219200DC003DF852 /* Base */,
			);
			name = LaunchScreen.storyboard;
			sourceTree = "<group>";
		};
/* End PBXVariantGroup section */

/* Begin XCBuildConfiguration section */
		2D226EBD219200DC003DF852 /* Debug */ = {
			isa = XCBuildConfiguration;
			buildSettings = {
				ALWAYS_SEARCH_USER_PATHS = NO;
				CLANG_ANALYZER_NONNULL = YES;
				CLANG_ANALYZER_NUMBER_OBJECT_CONVERSION = YES_AGGRESSIVE;
				CLANG_CXX_LANGUAGE_STANDARD = "gnu++14";
				CLANG_CXX_LIBRARY = "libc++";
				CLANG_ENABLE_MODULES = YES;
				CLANG_ENABLE_OBJC_ARC = YES;
				CLANG_ENABLE_OBJC_WEAK = YES;
				CLANG_WARN_BLOCK_CAPTURE_AUTORELEASING = YES;
				CLANG_WARN_BOOL_CONVERSION = YES;
				CLANG_WARN_COMMA = YES;
				CLANG_WARN_CONSTANT_CONVERSION = YES;
				CLANG_WARN_DEPRECATED_OBJC_IMPLEMENTATIONS = YES;
				CLANG_WARN_DIRECT_OBJC_ISA_USAGE = YES_ERROR;
				CLANG_WARN_DOCUMENTATION_COMMENTS = YES;
				CLANG_WARN_EMPTY_BODY = YES;
				CLANG_WARN_ENUM_CONVERSION = YES;
				CLANG_WARN_INFINITE_RECURSION = YES;
				CLANG_WARN_INT_CONVERSION = YES;
				CLANG_WARN_NON_LITERAL_NULL_CONVERSION = YES;
				CLANG_WARN_OBJC_IMPLICIT_RETAIN_SELF = YES;
				CLANG_WARN_OBJC_LITERAL_CONVERSION = YES;
				CLANG_WARN_OBJC_ROOT_CLASS = YES_ERROR;
				CLANG_WARN_RANGE_LOOP_ANALYSIS = YES;
				CLANG_WARN_STRICT_PROTOTYPES = YES;
				CLANG_WARN_SUSPICIOUS_MOVE = YES;
				CLANG_WARN_UNGUARDED_AVAILABILITY = YES_AGGRESSIVE;
				CLANG_WARN_UNREACHABLE_CODE = YES;
				CLANG_WARN__DUPLICATE_METHOD_MATCH = YES;
				CODE_SIGN_IDENTITY = "iPhone Developer";
				COPY_PHASE_STRIP = NO;
				DEBUG_INFORMATION_FORMAT = dwarf;
				ENABLE_STRICT_OBJC_MSGSEND = YES;
				ENABLE_TESTABILITY = YES;
				GCC_C_LANGUAGE_STANDARD = gnu11;
				GCC_DYNAMIC_NO_PIC = NO;
				GCC_NO_COMMON_BLOCKS = YES;
				GCC_OPTIMIZATION_LEVEL = 0;
				GCC_PREPROCESSOR_DEFINITIONS = (
					"DEBUG=1",
					"$(inherited)",
				);
				GCC_WARN_64_TO_32_BIT_CONVERSION = YES;
				GCC_WARN_ABOUT_RETURN_TYPE = YES_ERROR;
				GCC_WARN_UNDECLARED_SELECTOR = YES;
				GCC_WARN_UNINITIALIZED_AUTOS = YES_AGGRESSIVE;
				GCC_WARN_UNUSED_FUNCTION = YES;
				GCC_WARN_UNUSED_VARIABLE = YES;
				IPHONEOS_DEPLOYMENT_TARGET = 12.1;
				MTL_ENABLE_DEBUG_INFO = INCLUDE_SOURCE;
				MTL_FAST_MATH = YES;
				ONLY_ACTIVE_ARCH = YES;
				SDKROOT = iphoneos;
				SWIFT_ACTIVE_COMPILATION_CONDITIONS = DEBUG;
				SWIFT_OPTIMIZATION_LEVEL = "-Onone";
			};
			name = Debug;
		};
		2D226EBE219200DC003DF852 /* Release */ = {
			isa = XCBuildConfiguration;
			buildSettings = {
				ALWAYS_SEARCH_USER_PATHS = NO;
				CLANG_ANALYZER_NONNULL = YES;
				CLANG_ANALYZER_NUMBER_OBJECT_CONVERSION = YES_AGGRESSIVE;
				CLANG_CXX_LANGUAGE_STANDARD = "gnu++14";
				CLANG_CXX_LIBRARY = "libc++";
				CLANG_ENABLE_MODULES = YES;
				CLANG_ENABLE_OBJC_ARC = YES;
				CLANG_ENABLE_OBJC_WEAK = YES;
				CLANG_WARN_BLOCK_CAPTURE_AUTORELEASING = YES;
				CLANG_WARN_BOOL_CONVERSION = YES;
				CLANG_WARN_COMMA = YES;
				CLANG_WARN_CONSTANT_CONVERSION = YES;
				CLANG_WARN_DEPRECATED_OBJC_IMPLEMENTATIONS = YES;
				CLANG_WARN_DIRECT_OBJC_ISA_USAGE = YES_ERROR;
				CLANG_WARN_DOCUMENTATION_COMMENTS = YES;
				CLANG_WARN_EMPTY_BODY = YES;
				CLANG_WARN_ENUM_CONVERSION = YES;
				CLANG_WARN_INFINITE_RECURSION = YES;
				CLANG_WARN_INT_CONVERSION = YES;
				CLANG_WARN_NON_LITERAL_NULL_CONVERSION = YES;
				CLANG_WARN_OBJC_IMPLICIT_RETAIN_SELF = YES;
				CLANG_WARN_OBJC_LITERAL_CONVERSION = YES;
				CLANG_WARN_OBJC_ROOT_CLASS = YES_ERROR;
				CLANG_WARN_RANGE_LOOP_ANALYSIS = YES;
				CLANG_WARN_STRICT_PROTOTYPES = YES;
				CLANG_WARN_SUSPICIOUS_MOVE = YES;
				CLANG_WARN_UNGUARDED_AVAILABILITY = YES_AGGRESSIVE;
				CLANG_WARN_UNREACHABLE_CODE = YES;
				CLANG_WARN__DUPLICATE_METHOD_MATCH = YES;
				CODE_SIGN_IDENTITY = "iPhone Developer";
				COPY_PHASE_STRIP = NO;
				DEBUG_INFORMATION_FORMAT = "dwarf-with-dsym";
				ENABLE_NS_ASSERTIONS = NO;
				ENABLE_STRICT_OBJC_MSGSEND = YES;
				GCC_C_LANGUAGE_STANDARD = gnu11;
				GCC_NO_COMMON_BLOCKS = YES;
				GCC_WARN_64_TO_32_BIT_CONVERSION = YES;
				GCC_WARN_ABOUT_RETURN_TYPE = YES_ERROR;
				GCC_WARN_UNDECLARED_SELECTOR = YES;
				GCC_WARN_UNINITIALIZED_AUTOS = YES_AGGRESSIVE;
				GCC_WARN_UNUSED_FUNCTION = YES;
				GCC_WARN_UNUSED_VARIABLE = YES;
				IPHONEOS_DEPLOYMENT_TARGET = 12.1;
				MTL_ENABLE_DEBUG_INFO = NO;
				MTL_FAST_MATH = YES;
				SDKROOT = iphoneos;
				SWIFT_COMPILATION_MODE = wholemodule;
				SWIFT_OPTIMIZATION_LEVEL = "-O";
				VALIDATE_PRODUCT = YES;
			};
			name = Release;
		};
		2D226EC0219200DC003DF852 /* Debug */ = {
			isa = XCBuildConfiguration;
			buildSettings = {
				ASSETCATALOG_COMPILER_APPICON_NAME = AppIcon;
				CLANG_ENABLE_MODULES = YES;
				CODE_SIGN_STYLE = Automatic;
				DEVELOPMENT_TEAM = G3Z6Q26APU;
				INFOPLIST_FILE = miniproject_13600197/Info.plist;
				LD_RUNPATH_SEARCH_PATHS = (
					"$(inherited)",
					"@executable_path/Frameworks",
				);
				PRODUCT_BUNDLE_IDENTIFIER = "th.ac.su.ict.phattranitasawalertpanya.miniproject-13600197";
				PRODUCT_NAME = "$(TARGET_NAME)";
				SWIFT_OBJC_BRIDGING_HEADER = "miniproject_13600197/miniproject_13600197-Bridging-Header.h";
				SWIFT_OPTIMIZATION_LEVEL = "-Onone";
				SWIFT_VERSION = 4.2;
				TARGETED_DEVICE_FAMILY = 1;
			};
			name = Debug;
		};
		2D226EC1219200DC003DF852 /* Release */ = {
			isa = XCBuildConfiguration;
			buildSettings = {
				ASSETCATALOG_COMPILER_APPICON_NAME = AppIcon;
				CLANG_ENABLE_MODULES = YES;
				CODE_SIGN_STYLE = Automatic;
				DEVELOPMENT_TEAM = G3Z6Q26APU;
				INFOPLIST_FILE = miniproject_13600197/Info.plist;
				LD_RUNPATH_SEARCH_PATHS = (
					"$(inherited)",
					"@executable_path/Frameworks",
				);
				PRODUCT_BUNDLE_IDENTIFIER = "th.ac.su.ict.phattranitasawalertpanya.miniproject-13600197";
				PRODUCT_NAME = "$(TARGET_NAME)";
				SWIFT_OBJC_BRIDGING_HEADER = "miniproject_13600197/miniproject_13600197-Bridging-Header.h";
				SWIFT_VERSION = 4.2;
				TARGETED_DEVICE_FAMILY = 1;
			};
			name = Release;
		};
/* End XCBuildConfiguration section */

/* Begin XCConfigurationList section */
		2D226EA8219200DA003DF852 /* Build configuration list for PBXProject "miniproject_13600197" */ = {
			isa = XCConfigurationList;
			buildConfigurations = (
				2D226EBD219200DC003DF852 /* Debug */,
				2D226EBE219200DC003DF852 /* Release */,
			);
			defaultConfigurationIsVisible = 0;
			defaultConfigurationName = Release;
		};
		2D226EBF219200DC003DF852 /* Build configuration list for PBXNativeTarget "miniproject_13600197" */ = {
			isa = XCConfigurationList;
			buildConfigurations = (
				2D226EC0219200DC003DF852 /* Debug */,
				2D226EC1219200DC003DF852 /* Release */,
			);
			defaultConfigurationIsVisible = 0;
			defaultConfigurationName = Release;
		};
/* End XCConfigurationList section */
	};
	rootObject = 2D226EA5219200DA003DF852 /* Project object */;
}
